// !$*UTF8*$!
{
	archiveVersion = 1;
	classes = {
	};
	objectVersion = 50;
	objects = {

/* Begin PBXBuildFile section */
		FDCE031D2112990E00F28EB2 /* AppDelegate.swift in Sources */ = {isa = PBXBuildFile; fileRef = FDCE031C2112990E00F28EB2 /* AppDelegate.swift */; };
		FDCE031F2112990E00F28EB2 /* ViewController.swift in Sources */ = {isa = PBXBuildFile; fileRef = FDCE031E2112990E00F28EB2 /* ViewController.swift */; };
		FDCE03222112990E00F28EB2 /* Main.storyboard in Resources */ = {isa = PBXBuildFile; fileRef = FDCE03202112990E00F28EB2 /* Main.storyboard */; };
		FDCE03242112990E00F28EB2 /* Assets.xcassets in Resources */ = {isa = PBXBuildFile; fileRef = FDCE03232112990E00F28EB2 /* Assets.xcassets */; };
		FDCE03272112990E00F28EB2 /* LaunchScreen.storyboard in Resources */ = {isa = PBXBuildFile; fileRef = FDCE03252112990E00F28EB2 /* LaunchScreen.storyboard */; };
		FDCE03312112992100F28EB2 /* CloudKit.framework in Frameworks */ = {isa = PBXBuildFile; fileRef = FDCE03302112992100F28EB2 /* CloudKit.framework */; };
		FDE80E222112A9A500B21D0A /* Player.swift in Sources */ = {isa = PBXBuildFile; fileRef = FDE80E212112A9A500B21D0A /* Player.swift */; };
/* End PBXBuildFile section */

/* Begin PBXFileReference section */
		FDCE03192112990E00F28EB2 /* CloudKitDemo.app */ = {isa = PBXFileReference; explicitFileType = wrapper.application; includeInIndex = 0; path = CloudKitDemo.app; sourceTree = BUILT_PRODUCTS_DIR; };
		FDCE031C2112990E00F28EB2 /* AppDelegate.swift */ = {isa = PBXFileReference; lastKnownFileType = sourcecode.swift; path = AppDelegate.swift; sourceTree = "<group>"; };
		FDCE031E2112990E00F28EB2 /* ViewController.swift */ = {isa = PBXFileReference; lastKnownFileType = sourcecode.swift; path = ViewController.swift; sourceTree = "<group>"; };
		FDCE03212112990E00F28EB2 /* Base */ = {isa = PBXFileReference; lastKnownFileType = file.storyboard; name = Base; path = Base.lproj/Main.storyboard; sourceTree = "<group>"; };
		FDCE03232112990E00F28EB2 /* Assets.xcassets */ = {isa = PBXFileReference; lastKnownFileType = folder.assetcatalog; path = Assets.xcassets; sourceTree = "<group>"; };
		FDCE03262112990E00F28EB2 /* Base */ = {isa = PBXFileReference; lastKnownFileType = file.storyboard; name = Base; path = Base.lproj/LaunchScreen.storyboard; sourceTree = "<group>"; };
		FDCE03282112990E00F28EB2 /* Info.plist */ = {isa = PBXFileReference; lastKnownFileType = text.plist.xml; path = Info.plist; sourceTree = "<group>"; };
		FDCE032E2112991E00F28EB2 /* CloudKitDemo.entitlements */ = {isa = PBXFileReference; lastKnownFileType = text.plist.entitlements; path = CloudKitDemo.entitlements; sourceTree = "<group>"; };
		FDCE03302112992100F28EB2 /* CloudKit.framework */ = {isa = PBXFileReference; lastKnownFileType = wrapper.framework; name = CloudKit.framework; path = System/Library/Frameworks/CloudKit.framework; sourceTree = SDKROOT; };
		FDE80E212112A9A500B21D0A /* Player.swift */ = {isa = PBXFileReference; lastKnownFileType = sourcecode.swift; path = Player.swift; sourceTree = "<group>"; };
/* End PBXFileReference section */

/* Begin PBXFrameworksBuildPhase section */
		FDCE03162112990E00F28EB2 /* Frameworks */ = {
			isa = PBXFrameworksBuildPhase;
			buildActionMask = 2147483647;
			files = (
				FDCE03312112992100F28EB2 /* CloudKit.framework in Frameworks */,
			);
			runOnlyForDeploymentPostprocessing = 0;
		};
/* End PBXFrameworksBuildPhase section */

/* Begin PBXGroup section */
		FDCE03102112990E00F28EB2 = {
			isa = PBXGroup;
			children = (
				FDE80E202112A99700B21D0A /* Model */,
				FDCE031B2112990E00F28EB2 /* CloudKitDemo */,
				FDCE031A2112990E00F28EB2 /* Products */,
				FDCE032F2112992100F28EB2 /* Frameworks */,
			);
			sourceTree = "<group>";
		};
		FDCE031A2112990E00F28EB2 /* Products */ = {
			isa = PBXGroup;
			children = (
				FDCE03192112990E00F28EB2 /* CloudKitDemo.app */,
			);
			name = Products;
			sourceTree = "<group>";
		};
		FDCE031B2112990E00F28EB2 /* CloudKitDemo */ = {
			isa = PBXGroup;
			children = (
				FDCE032E2112991E00F28EB2 /* CloudKitDemo.entitlements */,
				FDCE031C2112990E00F28EB2 /* AppDelegate.swift */,
				FDCE031E2112990E00F28EB2 /* ViewController.swift */,
				FDCE03202112990E00F28EB2 /* Main.storyboard */,
				FDCE03232112990E00F28EB2 /* Assets.xcassets */,
				FDCE03252112990E00F28EB2 /* LaunchScreen.storyboard */,
				FDCE03282112990E00F28EB2 /* Info.plist */,
			);
			path = CloudKitDemo;
			sourceTree = "<group>";
		};
		FDCE032F2112992100F28EB2 /* Frameworks */ = {
			isa = PBXGroup;
			children = (
				FDCE03302112992100F28EB2 /* CloudKit.framework */,
			);
			name = Frameworks;
			sourceTree = "<group>";
		};
		FDE80E202112A99700B21D0A /* Model */ = {
			isa = PBXGroup;
			children = (
				FDE80E212112A9A500B21D0A /* Player.swift */,
			);
			path = Model;
			sourceTree = "<group>";
		};
/* End PBXGroup section */

/* Begin PBXNativeTarget section */
		FDCE03182112990E00F28EB2 /* CloudKitDemo */ = {
			isa = PBXNativeTarget;
			buildConfigurationList = FDCE032B2112990E00F28EB2 /* Build configuration list for PBXNativeTarget "CloudKitDemo" */;
			buildPhases = (
				FDCE03152112990E00F28EB2 /* Sources */,
				FDCE03162112990E00F28EB2 /* Frameworks */,
				FDCE03172112990E00F28EB2 /* Resources */,
			);
			buildRules = (
			);
			dependencies = (
			);
			name = CloudKitDemo;
			productName = CloudKitDemo;
			productReference = FDCE03192112990E00F28EB2 /* CloudKitDemo.app */;
			productType = "com.apple.product-type.application";
		};
/* End PBXNativeTarget section */

/* Begin PBXProject section */
		FDCE03112112990E00F28EB2 /* Project object */ = {
			isa = PBXProject;
			attributes = {
				LastSwiftUpdateCheck = 0940;
				LastUpgradeCheck = 0940;
				ORGANIZATIONNAME = Academy;
				TargetAttributes = {
					FDCE03182112990E00F28EB2 = {
						CreatedOnToolsVersion = 9.4.1;
						SystemCapabilities = {
							com.apple.Push = {
								enabled = 1;
							};
							com.apple.iCloud = {
								enabled = 1;
							};
						};
					};
				};
			};
			buildConfigurationList = FDCE03142112990E00F28EB2 /* Build configuration list for PBXProject "CloudKitDemo" */;
			compatibilityVersion = "Xcode 9.3";
			developmentRegion = en;
			hasScannedForEncodings = 0;
			knownRegions = (
				en,
				Base,
			);
			mainGroup = FDCE03102112990E00F28EB2;
			productRefGroup = FDCE031A2112990E00F28EB2 /* Products */;
			projectDirPath = "";
			projectRoot = "";
			targets = (
				FDCE03182112990E00F28EB2 /* CloudKitDemo */,
			);
		};
/* End PBXProject section */

/* Begin PBXResourcesBuildPhase section */
		FDCE03172112990E00F28EB2 /* Resources */ = {
			isa = PBXResourcesBuildPhase;
			buildActionMask = 2147483647;
			files = (
				FDCE03272112990E00F28EB2 /* LaunchScreen.storyboard in Resources */,
				FDCE03242112990E00F28EB2 /* Assets.xcassets in Resources */,
				FDCE03222112990E00F28EB2 /* Main.storyboard in Resources */,
			);
			runOnlyForDeploymentPostprocessing = 0;
		};
/* End PBXResourcesBuildPhase section */

/* Begin PBXSourcesBuildPhase section */
		FDCE03152112990E00F28EB2 /* Sources */ = {
			isa = PBXSourcesBuildPhase;
			buildActionMask = 2147483647;
			files = (
				FDCE031F2112990E00F28EB2 /* ViewController.swift in Sources */,
				FDE80E222112A9A500B21D0A /* Player.swift in Sources */,
				FDCE031D2112990E00F28EB2 /* AppDelegate.swift in Sources */,
			);
			runOnlyForDeploymentPostprocessing = 0;
		};
/* End PBXSourcesBuildPhase section */

/* Begin PBXVariantGroup section */
		FDCE03202112990E00F28EB2 /* Main.storyboard */ = {
			isa = PBXVariantGroup;
			children = (
				FDCE03212112990E00F28EB2 /* Base */,
			);
			name = Main.storyboard;
			sourceTree = "<group>";
		};
		FDCE03252112990E00F28EB2 /* LaunchScreen.storyboard */ = {
			isa = PBXVariantGroup;
			children = (
				FDCE03262112990E00F28EB2 /* Base */,
			);
			name = LaunchScreen.storyboard;
			sourceTree = "<group>";
		};
/* End PBXVariantGroup section */

/* Begin XCBuildConfiguration section */
		FDCE03292112990E00F28EB2 /* Debug */ = {
			isa = XCBuildConfiguration;
			buildSettings = {
				ALWAYS_SEARCH_USER_PATHS = NO;
				CLANG_ANALYZER_NONNULL = YES;
				CLANG_ANALYZER_NUMBER_OBJECT_CONVERSION = YES_AGGRESSIVE;
				CLANG_CXX_LANGUAGE_STANDARD = "gnu++14";
				CLANG_CXX_LIBRARY = "libc++";
				CLANG_ENABLE_MODULES = YES;
				CLANG_ENABLE_OBJC_ARC = YES;
				CLANG_ENABLE_OBJC_WEAK = YES;
				CLANG_WARN_BLOCK_CAPTURE_AUTORELEASING = YES;
				CLANG_WARN_BOOL_CONVERSION = YES;
				CLANG_WARN_COMMA = YES;
				CLANG_WARN_CONSTANT_CONVERSION = YES;
				CLANG_WARN_DEPRECATED_OBJC_IMPLEMENTATIONS = YES;
				CLANG_WARN_DIRECT_OBJC_ISA_USAGE = YES_ERROR;
				CLANG_WARN_DOCUMENTATION_COMMENTS = YES;
				CLANG_WARN_EMPTY_BODY = YES;
				CLANG_WARN_ENUM_CONVERSION = YES;
				CLANG_WARN_INFINITE_RECURSION = YES;
				CLANG_WARN_INT_CONVERSION = YES;
				CLANG_WARN_NON_LITERAL_NULL_CONVERSION = YES;
				CLANG_WARN_OBJC_IMPLICIT_RETAIN_SELF = YES;
				CLANG_WARN_OBJC_LITERAL_CONVERSION = YES;
				CLANG_WARN_OBJC_ROOT_CLASS = YES_ERROR;
				CLANG_WARN_RANGE_LOOP_ANALYSIS = YES;
				CLANG_WARN_STRICT_PROTOTYPES = YES;
				CLANG_WARN_SUSPICIOUS_MOVE = YES;
				CLANG_WARN_UNGUARDED_AVAILABILITY = YES_AGGRESSIVE;
				CLANG_WARN_UNREACHABLE_CODE = YES;
				CLANG_WARN__DUPLICATE_METHOD_MATCH = YES;
				CODE_SIGN_IDENTITY = "iPhone Developer";
				COPY_PHASE_STRIP = NO;
				DEBUG_INFORMATION_FORMAT = dwarf;
				ENABLE_STRICT_OBJC_MSGSEND = YES;
				ENABLE_TESTABILITY = YES;
				GCC_C_LANGUAGE_STANDARD = gnu11;
				GCC_DYNAMIC_NO_PIC = NO;
				GCC_NO_COMMON_BLOCKS = YES;
				GCC_OPTIMIZATION_LEVEL = 0;
				GCC_PREPROCESSOR_DEFINITIONS = (
					"DEBUG=1",
					"$(inherited)",
				);
				GCC_WARN_64_TO_32_BIT_CONVERSION = YES;
				GCC_WARN_ABOUT_RETURN_TYPE = YES_ERROR;
				GCC_WARN_UNDECLARED_SELECTOR = YES;
				GCC_WARN_UNINITIALIZED_AUTOS = YES_AGGRESSIVE;
				GCC_WARN_UNUSED_FUNCTION = YES;
				GCC_WARN_UNUSED_VARIABLE = YES;
				IPHONEOS_DEPLOYMENT_TARGET = 11.4;
				MTL_ENABLE_DEBUG_INFO = YES;
				ONLY_ACTIVE_ARCH = YES;
				SDKROOT = iphoneos;
				SWIFT_ACTIVE_COMPILATION_CONDITIONS = DEBUG;
				SWIFT_OPTIMIZATION_LEVEL = "-Onone";
			};
			name = Debug;
		};
		FDCE032A2112990E00F28EB2 /* Release */ = {
			isa = XCBuildConfiguration;
			buildSettings = {
				ALWAYS_SEARCH_USER_PATHS = NO;
				CLANG_ANALYZER_NONNULL = YES;
				CLANG_ANALYZER_NUMBER_OBJECT_CONVERSION = YES_AGGRESSIVE;
				CLANG_CXX_LANGUAGE_STANDARD = "gnu++14";
				CLANG_CXX_LIBRARY = "libc++";
				CLANG_ENABLE_MODULES = YES;
				CLANG_ENABLE_OBJC_ARC = YES;
				CLANG_ENABLE_OBJC_WEAK = YES;
				CLANG_WARN_BLOCK_CAPTURE_AUTORELEASING = YES;
				CLANG_WARN_BOOL_CONVERSION = YES;
				CLANG_WARN_COMMA = YES;
				CLANG_WARN_CONSTANT_CONVERSION = YES;
				CLANG_WARN_DEPRECATED_OBJC_IMPLEMENTATIONS = YES;
				CLANG_WARN_DIRECT_OBJC_ISA_USAGE = YES_ERROR;
				CLANG_WARN_DOCUMENTATION_COMMENTS = YES;
				CLANG_WARN_EMPTY_BODY = YES;
				CLANG_WARN_ENUM_CONVERSION = YES;
				CLANG_WARN_INFINITE_RECURSION = YES;
				CLANG_WARN_INT_CONVERSION = YES;
				CLANG_WARN_NON_LITERAL_NULL_CONVERSION = YES;
				CLANG_WARN_OBJC_IMPLICIT_RETAIN_SELF = YES;
				CLANG_WARN_OBJC_LITERAL_CONVERSION = YES;
				CLANG_WARN_OBJC_ROOT_CLASS = YES_ERROR;
				CLANG_WARN_RANGE_LOOP_ANALYSIS = YES;
				CLANG_WARN_STRICT_PROTOTYPES = YES;
				CLANG_WARN_SUSPICIOUS_MOVE = YES;
				CLANG_WARN_UNGUARDED_AVAILABILITY = YES_AGGRESSIVE;
				CLANG_WARN_UNREACHABLE_CODE = YES;
				CLANG_WARN__DUPLICATE_METHOD_MATCH = YES;
				CODE_SIGN_IDENTITY = "iPhone Developer";
				COPY_PHASE_STRIP = NO;
				DEBUG_INFORMATION_FORMAT = "dwarf-with-dsym";
				ENABLE_NS_ASSERTIONS = NO;
				ENABLE_STRICT_OBJC_MSGSEND = YES;
				GCC_C_LANGUAGE_STANDARD = gnu11;
				GCC_NO_COMMON_BLOCKS = YES;
				GCC_WARN_64_TO_32_BIT_CONVERSION = YES;
				GCC_WARN_ABOUT_RETURN_TYPE = YES_ERROR;
				GCC_WARN_UNDECLARED_SELECTOR = YES;
				GCC_WARN_UNINITIALIZED_AUTOS = YES_AGGRESSIVE;
				GCC_WARN_UNUSED_FUNCTION = YES;
				GCC_WARN_UNUSED_VARIABLE = YES;
				IPHONEOS_DEPLOYMENT_TARGET = 11.4;
				MTL_ENABLE_DEBUG_INFO = NO;
				SDKROOT = iphoneos;
				SWIFT_COMPILATION_MODE = wholemodule;
				SWIFT_OPTIMIZATION_LEVEL = "-O";
				VALIDATE_PRODUCT = YES;
			};
			name = Release;
		};
		FDCE032C2112990E00F28EB2 /* Debug */ = {
			isa = XCBuildConfiguration;
			buildSettings = {
				ASSETCATALOG_COMPILER_APPICON_NAME = AppIcon;
				CODE_SIGN_ENTITLEMENTS = CloudKitDemo/CloudKitDemo.entitlements;
				CODE_SIGN_STYLE = Automatic;
				DEVELOPMENT_TEAM = FCZ6JTPKG7;
				INFOPLIST_FILE = CloudKitDemo/Info.plist;
				LD_RUNPATH_SEARCH_PATHS = (
					"$(inherited)",
					"@executable_path/Frameworks",
				);
				PRODUCT_BUNDLE_IDENTIFIER = com.academy.CloudKitDemo;
				PRODUCT_NAME = "$(TARGET_NAME)";
				SWIFT_VERSION = 4.0;
				TARGETED_DEVICE_FAMILY = "1,2";
			};
			name = Debug;
		};
		FDCE032D2112990E00F28EB2 /* Release */ = {
			isa = XCBuildConfiguration;
			buildSettings = {
				ASSETCATALOG_COMPILER_APPICON_NAME = AppIcon;
				CODE_SIGN_ENTITLEMENTS = CloudKitDemo/CloudKitDemo.entitlements;
				CODE_SIGN_STYLE = Automatic;
				DEVELOPMENT_TEAM = FCZ6JTPKG7;
				INFOPLIST_FILE = CloudKitDemo/Info.plist;
				LD_RUNPATH_SEARCH_PATHS = (
					"$(inherited)",
					"@executable_path/Frameworks",
				);
				PRODUCT_BUNDLE_IDENTIFIER = com.academy.CloudKitDemo;
				PRODUCT_NAME = "$(TARGET_NAME)";
				SWIFT_VERSION = 4.0;
				TARGETED_DEVICE_FAMILY = "1,2";
			};
			name = Release;
		};
/* End XCBuildConfiguration section */

/* Begin XCConfigurationList section */
		FDCE03142112990E00F28EB2 /* Build configuration list for PBXProject "CloudKitDemo" */ = {
			isa = XCConfigurationList;
			buildConfigurations = (
				FDCE03292112990E00F28EB2 /* Debug */,
				FDCE032A2112990E00F28EB2 /* Release */,
			);
			defaultConfigurationIsVisible = 0;
			defaultConfigurationName = Release;
		};
		FDCE032B2112990E00F28EB2 /* Build configuration list for PBXNativeTarget "CloudKitDemo" */ = {
			isa = XCConfigurationList;
			buildConfigurations = (
				FDCE032C2112990E00F28EB2 /* Debug */,
				FDCE032D2112990E00F28EB2 /* Release */,
			);
			defaultConfigurationIsVisible = 0;
			defaultConfigurationName = Release;
		};
/* End XCConfigurationList section */
	};
	rootObject = FDCE03112112990E00F28EB2 /* Project object */;
}
